# THIS IS AN AUTOGENERATED FILE. DO NOT EDIT THIS FILE DIRECTLY.
# yarn lockfile v1


cesium@^1.93.0:
  version "1.93.0"
  resolved "https://registry.npmmirror.com/cesium/-/cesium-1.93.0.tgz#4e98e7770b993a87e53bffa95ac5cbb89137d390"
  integrity sha512-y5+KkISn3+0MZxGj96mNaZc5LAfpiOs1fmZCInH2xHwYw43FaaRbvdSHXZs8OwJ5dZIlo/m1biMyOKr354L+UA==
